
Microsoft Visual Studio Solution File, Format Version 12.00
# Visual Studio Version 17
VisualStudioVersion = 17.7.34031.279
MinimumVisualStudioVersion = 10.0.40219.1
Project("{FAE04EC0-301F-11D3-BF4B-00C04F79EFBC}") = "WindowsFormsApp1", "WindowsFormsApp1.csproj", "{336DB025-3759-4257-9052-FF90CB961618}"
EndProject
Project("{FAE04EC0-301F-11D3-BF4B-00C04F79EFBC}") = "WindowsFormsApp1.Tests", "..\WindowsFormsApp1.Tests\WindowsFormsApp1.Tests.csproj", "{AF1F4397-02AF-4722-8939-0638AEB551D3}"
EndProject
Global
	GlobalSection(SolutionConfigurationPlatforms) = preSolution
		Debug|Any CPU = Debug|Any CPU
		Release|Any CPU = Release|Any CPU
	EndGlobalSection
	GlobalSection(ProjectConfigurationPlatforms) = postSolution
		{336DB025-3759-4257-9052-FF90CB961618}.Debug|Any CPU.ActiveCfg = Debug|Any CPU
		{336DB025-3759-4257-9052-FF90CB961618}.Debug|Any CPU.Build.0 = Debug|Any CPU
		{336DB025-3759-4257-9052-FF90CB961618}.Release|Any CPU.ActiveCfg = Release|Any CPU
		{336DB025-3759-4257-9052-FF90CB961618}.Release|Any CPU.Build.0 = Release|Any CPU
		{AF1F4397-02AF-4722-8939-0638AEB551D3}.Debug|Any CPU.ActiveCfg = Debug|Any CPU
		{AF1F4397-02AF-4722-8939-0638AEB551D3}.Debug|Any CPU.Build.0 = Debug|Any CPU
		{AF1F4397-02AF-4722-8939-0638AEB551D3}.Release|Any CPU.ActiveCfg = Release|Any CPU
		{AF1F4397-02AF-4722-8939-0638AEB551D3}.Release|Any CPU.Build.0 = Release|Any CPU
	EndGlobalSection
	GlobalSection(SolutionProperties) = preSolution
		HideSolutionNode = FALSE
	EndGlobalSection
	GlobalSection(ExtensibilityGlobals) = postSolution
		SolutionGuid = {79A004DC-D61E-459C-A653-C4A717894164}
	EndGlobalSection
EndGlobal
